
Microsoft Visual Studio Solution File, Format Version 12.00
# Visual Studio 14
VisualStudioVersion = 14.0.24720.0
MinimumVisualStudioVersion = 10.0.40219.1
Project("{FAE04EC0-301F-11D3-BF4B-00C04F79EFBC}") = "ScreenCapture", "ScreenCapture\ScreenCapture.csproj", "{194FFC53-F21C-4815-B09A-1878FD267C33}"
EndProject
Project("{FAE04EC0-301F-11D3-BF4B-00C04F79EFBC}") = "ScreenCaptureTesting", "ScreenCaptureTesting\ScreenCaptureTesting.csproj", "{3F332D8D-25B3-4296-9EBF-C7D2753C4DDA}"
EndProject
Global
	GlobalSection(SolutionConfigurationPlatforms) = preSolution
		Debug|Any CPU = Debug|Any CPU
		Release|Any CPU = Release|Any CPU
	EndGlobalSection
	GlobalSection(ProjectConfigurationPlatforms) = postSolution
		{194FFC53-F21C-4815-B09A-1878FD267C33}.Debug|Any CPU.ActiveCfg = Debug|Any CPU
		{194FFC53-F21C-4815-B09A-1878FD267C33}.Debug|Any CPU.Build.0 = Debug|Any CPU
		{194FFC53-F21C-4815-B09A-1878FD267C33}.Release|Any CPU.ActiveCfg = Release|Any CPU
		{194FFC53-F21C-4815-B09A-1878FD267C33}.Release|Any CPU.Build.0 = Release|Any CPU
		{3F332D8D-25B3-4296-9EBF-C7D2753C4DDA}.Debug|Any CPU.ActiveCfg = Debug|Any CPU
		{3F332D8D-25B3-4296-9EBF-C7D2753C4DDA}.Debug|Any CPU.Build.0 = Debug|Any CPU
		{3F332D8D-25B3-4296-9EBF-C7D2753C4DDA}.Release|Any CPU.ActiveCfg = Release|Any CPU
		{3F332D8D-25B3-4296-9EBF-C7D2753C4DDA}.Release|Any CPU.Build.0 = Release|Any CPU
	EndGlobalSection
	GlobalSection(SolutionProperties) = preSolution
		HideSolutionNode = FALSE
	EndGlobalSection
EndGlobal
